
Microsoft Visual Studio Solution File, Format Version 12.00
Project("{FAE04EC0-301F-11D3-BF4B-00C04F79EFBC}") = "srp6test", "srp6test\srp6test.csproj", "{A9507DB1-C2EC-40FC-8C2E-606D814C38CF}"
EndProject
Global
	GlobalSection(SolutionConfigurationPlatforms) = preSolution
		Debug|Any CPU = Debug|Any CPU
		Release|Any CPU = Release|Any CPU
	EndGlobalSection
	GlobalSection(ProjectConfigurationPlatforms) = postSolution
		{A9507DB1-C2EC-40FC-8C2E-606D814C38CF}.Debug|Any CPU.ActiveCfg = Debug|Any CPU
		{A9507DB1-C2EC-40FC-8C2E-606D814C38CF}.Debug|Any CPU.Build.0 = Debug|Any CPU
		{A9507DB1-C2EC-40FC-8C2E-606D814C38CF}.Release|Any CPU.ActiveCfg = Release|Any CPU
		{A9507DB1-C2EC-40FC-8C2E-606D814C38CF}.Release|Any CPU.Build.0 = Release|Any CPU
	EndGlobalSection
EndGlobal
